
Microsoft Visual Studio Solution File, Format Version 12.00
# Visual Studio 15
VisualStudioVersion = 15.0.28307.960
MinimumVisualStudioVersion = 10.0.40219.1
Project("{FAE04EC0-301F-11D3-BF4B-00C04F79EFBC}") = "InvoiceTotal", "InvoiceTotal\InvoiceTotal.csproj", "{03F83A97-411A-41A3-9648-6C94AFAFF8CD}"
EndProject
Global
	GlobalSection(SolutionConfigurationPlatforms) = preSolution
		Debug|Any CPU = Debug|Any CPU
		Release|Any CPU = Release|Any CPU
	EndGlobalSection
	GlobalSection(ProjectConfigurationPlatforms) = postSolution
		{03F83A97-411A-41A3-9648-6C94AFAFF8CD}.Debug|Any CPU.ActiveCfg = Debug|Any CPU
		{03F83A97-411A-41A3-9648-6C94AFAFF8CD}.Debug|Any CPU.Build.0 = Debug|Any CPU
		{03F83A97-411A-41A3-9648-6C94AFAFF8CD}.Release|Any CPU.ActiveCfg = Release|Any CPU
		{03F83A97-411A-41A3-9648-6C94AFAFF8CD}.Release|Any CPU.Build.0 = Release|Any CPU
	EndGlobalSection
	GlobalSection(SolutionProperties) = preSolution
		HideSolutionNode = FALSE
	EndGlobalSection
	GlobalSection(ExtensibilityGlobals) = postSolution
		SolutionGuid = {3CE03E7A-2ACF-4B21-B578-53CAE795F166}
	EndGlobalSection
EndGlobal
